
Microsoft Visual Studio Solution File, Format Version 12.00
Project("{FAE04EC0-301F-11D3-BF4B-00C04F79EFBC}") = "AsyncTcpServer.App", "AsyncTcpServer.App\AsyncTcpServer.App.csproj", "{2803F416-973D-43BF-AD11-46C172237817}"
EndProject
Global
	GlobalSection(SolutionConfigurationPlatforms) = preSolution
		Debug|Any CPU = Debug|Any CPU
		Release|Any CPU = Release|Any CPU
	EndGlobalSection
	GlobalSection(ProjectConfigurationPlatforms) = postSolution
		{2803F416-973D-43BF-AD11-46C172237817}.Debug|Any CPU.ActiveCfg = Debug|Any CPU
		{2803F416-973D-43BF-AD11-46C172237817}.Debug|Any CPU.Build.0 = Debug|Any CPU
		{2803F416-973D-43BF-AD11-46C172237817}.Release|Any CPU.ActiveCfg = Release|Any CPU
		{2803F416-973D-43BF-AD11-46C172237817}.Release|Any CPU.Build.0 = Release|Any CPU
	EndGlobalSection
EndGlobal
